
Microsoft Visual Studio Solution File, Format Version 12.00
# Visual Studio Version 17
VisualStudioVersion = 17.13.35931.197 d17.13
MinimumVisualStudioVersion = 10.0.40219.1
Project("{FAE04EC0-301F-11D3-BF4B-00C04F79EFBC}") = "HW_PRN_ConsoleApp", "HW_PRN_ConsoleApp\HW_PRN_ConsoleApp.csproj", "{F65D9179-1EFA-4203-B91B-812817685C73}"
EndProject
Project("{FAE04EC0-301F-11D3-BF4B-00C04F79EFBC}") = "Course", "Course\Course.csproj", "{130EF829-175C-4108-88C2-78BA7213CF9E}"
EndProject
Global
	GlobalSection(SolutionConfigurationPlatforms) = preSolution
		Debug|Any CPU = Debug|Any CPU
		Release|Any CPU = Release|Any CPU
	EndGlobalSection
	GlobalSection(ProjectConfigurationPlatforms) = postSolution
		{F65D9179-1EFA-4203-B91B-812817685C73}.Debug|Any CPU.ActiveCfg = Debug|Any CPU
		{F65D9179-1EFA-4203-B91B-812817685C73}.Debug|Any CPU.Build.0 = Debug|Any CPU
		{F65D9179-1EFA-4203-B91B-812817685C73}.Release|Any CPU.ActiveCfg = Release|Any CPU
		{F65D9179-1EFA-4203-B91B-812817685C73}.Release|Any CPU.Build.0 = Release|Any CPU
		{130EF829-175C-4108-88C2-78BA7213CF9E}.Debug|Any CPU.ActiveCfg = Debug|Any CPU
		{130EF829-175C-4108-88C2-78BA7213CF9E}.Debug|Any CPU.Build.0 = Debug|Any CPU
		{130EF829-175C-4108-88C2-78BA7213CF9E}.Release|Any CPU.ActiveCfg = Release|Any CPU
		{130EF829-175C-4108-88C2-78BA7213CF9E}.Release|Any CPU.Build.0 = Release|Any CPU
	EndGlobalSection
	GlobalSection(SolutionProperties) = preSolution
		HideSolutionNode = FALSE
	EndGlobalSection
	GlobalSection(ExtensibilityGlobals) = postSolution
		SolutionGuid = {730EA5C4-CC95-428C-8835-AC80E518BB80}
	EndGlobalSection
EndGlobal
